
Microsoft Visual Studio Solution File, Format Version 12.00
# Visual Studio Version 17
VisualStudioVersion = 17.0.31903.59
MinimumVisualStudioVersion = 10.0.40219.1
Project("{FAE04EC0-301F-11D3-BF4B-00C04F79EFBC}") = "cogdeck", "cogdeck\cogdeck.csproj", "{268140D6-FCF4-4BFA-B0BE-691A3EBC62DA}"
EndProject
Global
	GlobalSection(SolutionConfigurationPlatforms) = preSolution
		Debug|Any CPU = Debug|Any CPU
		Release|Any CPU = Release|Any CPU
	EndGlobalSection
	GlobalSection(ProjectConfigurationPlatforms) = postSolution
		{268140D6-FCF4-4BFA-B0BE-691A3EBC62DA}.Debug|Any CPU.ActiveCfg = Debug|Any CPU
		{268140D6-FCF4-4BFA-B0BE-691A3EBC62DA}.Debug|Any CPU.Build.0 = Debug|Any CPU
		{268140D6-FCF4-4BFA-B0BE-691A3EBC62DA}.Release|Any CPU.ActiveCfg = Release|Any CPU
		{268140D6-FCF4-4BFA-B0BE-691A3EBC62DA}.Release|Any CPU.Build.0 = Release|Any CPU
	EndGlobalSection
	GlobalSection(SolutionProperties) = preSolution
		HideSolutionNode = FALSE
	EndGlobalSection
	GlobalSection(ExtensibilityGlobals) = postSolution
		SolutionGuid = {B50DFA82-4C57-43C6-8D72-C3E1192C9356}
	EndGlobalSection
EndGlobal
